// !$*UTF8*$!
{
	archiveVersion = 1;
	classes = {
	};
	objectVersion = 56;
	objects = {

/* Begin PBXBuildFile section */
		681588072BFF7055008D5E6E /* UIBlockingProgressHUD.swift in Sources */ = {isa = PBXBuildFile; fileRef = 681588062BFF7055008D5E6E /* UIBlockingProgressHUD.swift */; };
		681588092BFF7E1E008D5E6E /* ProfileService.swift in Sources */ = {isa = PBXBuildFile; fileRef = 681588082BFF7E1E008D5E6E /* ProfileService.swift */; };
		6815880B2BFF7E4F008D5E6E /* ProfileResult.swift in Sources */ = {isa = PBXBuildFile; fileRef = 6815880A2BFF7E4F008D5E6E /* ProfileResult.swift */; };
		682AD2FE2C17A44F00A9C06A /* ProfileViewPresenter.swift in Sources */ = {isa = PBXBuildFile; fileRef = 682AD2FD2C17A44F00A9C06A /* ProfileViewPresenter.swift */; };
		682FD5B62BE97E7900552373 /* AuthConfiguration.swift in Sources */ = {isa = PBXBuildFile; fileRef = 682FD5B52BE97E7900552373 /* AuthConfiguration.swift */; };
		682FD5B92BEA2FD100552373 /* AuthViewController.swift in Sources */ = {isa = PBXBuildFile; fileRef = 682FD5B82BEA2FD100552373 /* AuthViewController.swift */; };
		682FD5BB2BEA31A600552373 /* WebViewViewController.swift in Sources */ = {isa = PBXBuildFile; fileRef = 682FD5BA2BEA31A600552373 /* WebViewViewController.swift */; };
		683869672C18480A00CCF237 /* ImageFeedUITests.swift in Sources */ = {isa = PBXBuildFile; fileRef = 683869662C18480A00CCF237 /* ImageFeedUITests.swift */; };
		683869692C18480A00CCF237 /* ImageFeedUITestsLaunchTests.swift in Sources */ = {isa = PBXBuildFile; fileRef = 683869682C18480A00CCF237 /* ImageFeedUITestsLaunchTests.swift */; };
		6844D4C72BB590C9008F1525 /* AppDelegate.swift in Sources */ = {isa = PBXBuildFile; fileRef = 6844D4C62BB590C9008F1525 /* AppDelegate.swift */; };
		6844D4C92BB590C9008F1525 /* SceneDelegate.swift in Sources */ = {isa = PBXBuildFile; fileRef = 6844D4C82BB590C9008F1525 /* SceneDelegate.swift */; };
		6844D4CB2BB590C9008F1525 /* ImagesListViewController.swift in Sources */ = {isa = PBXBuildFile; fileRef = 6844D4CA2BB590C9008F1525 /* ImagesListViewController.swift */; };
		6844D4CE2BB590C9008F1525 /* Main.storyboard in Resources */ = {isa = PBXBuildFile; fileRef = 6844D4CC2BB590C9008F1525 /* Main.storyboard */; };
		6844D4D02BB590CA008F1525 /* Assets.xcassets in Resources */ = {isa = PBXBuildFile; fileRef = 6844D4CF2BB590CA008F1525 /* Assets.xcassets */; };
		6844D4D32BB590CA008F1525 /* LaunchScreen.storyboard in Resources */ = {isa = PBXBuildFile; fileRef = 6844D4D12BB590CA008F1525 /* LaunchScreen.storyboard */; };
		68489D682C029B3600BE8878 /* ProfileImageService.swift in Sources */ = {isa = PBXBuildFile; fileRef = 68489D672C029B3600BE8878 /* ProfileImageService.swift */; };
		68489D6A2C029B5A00BE8878 /* UserResult.swift in Sources */ = {isa = PBXBuildFile; fileRef = 68489D692C029B5A00BE8878 /* UserResult.swift */; };
		684B7BC62C05CD07001795C1 /* TabBarController.swift in Sources */ = {isa = PBXBuildFile; fileRef = 684B7BC52C05CD07001795C1 /* TabBarController.swift */; };
		6856457E2BEB6EA800ED70AA /* OAuth2Service.swift in Sources */ = {isa = PBXBuildFile; fileRef = 6856457D2BEB6EA800ED70AA /* OAuth2Service.swift */; };
		685DEB992C00B190002606D9 /* Profile.swift in Sources */ = {isa = PBXBuildFile; fileRef = 685DEB982C00B190002606D9 /* Profile.swift */; };
		68679B8D2BF2BF9800D7B8B7 /* OAuthTokenResponseBody.swift in Sources */ = {isa = PBXBuildFile; fileRef = 68679B8C2BF2BF9800D7B8B7 /* OAuthTokenResponseBody.swift */; };
		687FEBC02BFCD5470047B62F /* ProgressHUD in Frameworks */ = {isa = PBXBuildFile; productRef = 687FEBBF2BFCD5470047B62F /* ProgressHUD */; };
		68882F962C1A31CB005CC28A /* ProfileViewTest.swift in Sources */ = {isa = PBXBuildFile; fileRef = 68882F952C1A31CB005CC28A /* ProfileViewTest.swift */; };
		688C518D2C072FC60004D438 /* ImagesListService.swift in Sources */ = {isa = PBXBuildFile; fileRef = 688C518C2C072FC60004D438 /* ImagesListService.swift */; };
		688C518F2C0731B60004D438 /* Photo.swift in Sources */ = {isa = PBXBuildFile; fileRef = 688C518E2C0731B60004D438 /* Photo.swift */; };
		688C51912C07C9D70004D438 /* PhotoResult.swift in Sources */ = {isa = PBXBuildFile; fileRef = 688C51902C07C9D70004D438 /* PhotoResult.swift */; };
		68911E6C2BF6CDFD00C99608 /* SplashViewController.swift in Sources */ = {isa = PBXBuildFile; fileRef = 68911E6B2BF6CDFD00C99608 /* SplashViewController.swift */; };
		68911E6E2BF6CFFE00C99608 /* OAuth2TokenStorage.swift in Sources */ = {isa = PBXBuildFile; fileRef = 68911E6D2BF6CFFE00C99608 /* OAuth2TokenStorage.swift */; };
		68A3A12C2C107E3600E7B989 /* ProfileLogoutService.swift in Sources */ = {isa = PBXBuildFile; fileRef = 68A3A12B2C107E3600E7B989 /* ProfileLogoutService.swift */; };
		68A4E8E72C165CB200D00CE3 /* WebViewPresenter.swift in Sources */ = {isa = PBXBuildFile; fileRef = 68A4E8E62C165CB200D00CE3 /* WebViewPresenter.swift */; };
		68ACEF392C049076003411C0 /* Kingfisher in Frameworks */ = {isa = PBXBuildFile; productRef = 68ACEF382C049076003411C0 /* Kingfisher */; };
		68ACEF3C2C04A0F7003411C0 /* SwiftKeychainWrapper in Frameworks */ = {isa = PBXBuildFile; productRef = 68ACEF3B2C04A0F7003411C0 /* SwiftKeychainWrapper */; };
		68BD011B2C0F402800C554B4 /* UIImageView+Extensions.swift in Sources */ = {isa = PBXBuildFile; fileRef = 68BD011A2C0F402800C554B4 /* UIImageView+Extensions.swift */; };
		68BD020F2BC1759500977F91 /* UIView+Extensions.swift in Sources */ = {isa = PBXBuildFile; fileRef = 68BD020E2BC1759500977F91 /* UIView+Extensions.swift */; };
		68BEC51D2C170A5700641406 /* AuthHelper.swift in Sources */ = {isa = PBXBuildFile; fileRef = 68BEC51C2C170A5700641406 /* AuthHelper.swift */; };
		68BEC5252C170F6600641406 /* WebViewTest.swift in Sources */ = {isa = PBXBuildFile; fileRef = 68BEC5242C170F6600641406 /* WebViewTest.swift */; };
		68C051682BC9679C007A6298 /* ProfileViewController.swift in Sources */ = {isa = PBXBuildFile; fileRef = 68C051672BC9679C007A6298 /* ProfileViewController.swift */; };
		68C2E84E2C1B089C00318F97 /* ImagesListPresenter.swift in Sources */ = {isa = PBXBuildFile; fileRef = 68C2E84D2C1B089C00318F97 /* ImagesListPresenter.swift */; };
		68C2E8502C1B912700318F97 /* ImageViewTest.swift in Sources */ = {isa = PBXBuildFile; fileRef = 68C2E84F2C1B912700318F97 /* ImageViewTest.swift */; };
		68DA53C92BEFA1F5002F512F /* URLSession+data.swift in Sources */ = {isa = PBXBuildFile; fileRef = 68DA53C82BEFA1F5002F512F /* URLSession+data.swift */; };
		68E15F892BBFDF87000B753A /* ImagesListCell.swift in Sources */ = {isa = PBXBuildFile; fileRef = 68E15F882BBFDF87000B753A /* ImagesListCell.swift */; };
		68E38D682BC9BC6F00BB9D94 /* SingleImageViewController.swift in Sources */ = {isa = PBXBuildFile; fileRef = 68E38D672BC9BC6F00BB9D94 /* SingleImageViewController.swift */; };
/* End PBXBuildFile section */

/* Begin PBXContainerItemProxy section */
		6838696A2C18480A00CCF237 /* PBXContainerItemProxy */ = {
			isa = PBXContainerItemProxy;
			containerPortal = 6844D4BB2BB590C9008F1525 /* Project object */;
			proxyType = 1;
			remoteGlobalIDString = 6844D4C22BB590C9008F1525;
			remoteInfo = ImageFeed;
		};
		68BEC5262C170F6600641406 /* PBXContainerItemProxy */ = {
			isa = PBXContainerItemProxy;
			containerPortal = 6844D4BB2BB590C9008F1525 /* Project object */;
			proxyType = 1;
			remoteGlobalIDString = 6844D4C22BB590C9008F1525;
			remoteInfo = ImageFeed;
		};
/* End PBXContainerItemProxy section */

/* Begin PBXFileReference section */
		681588062BFF7055008D5E6E /* UIBlockingProgressHUD.swift */ = {isa = PBXFileReference; lastKnownFileType = sourcecode.swift; path = UIBlockingProgressHUD.swift; sourceTree = "<group>"; };
		681588082BFF7E1E008D5E6E /* ProfileService.swift */ = {isa = PBXFileReference; lastKnownFileType = sourcecode.swift; path = ProfileService.swift; sourceTree = "<group>"; };
		6815880A2BFF7E4F008D5E6E /* ProfileResult.swift */ = {isa = PBXFileReference; lastKnownFileType = sourcecode.swift; path = ProfileResult.swift; sourceTree = "<group>"; };
		682AD2FD2C17A44F00A9C06A /* ProfileViewPresenter.swift */ = {isa = PBXFileReference; lastKnownFileType = sourcecode.swift; path = ProfileViewPresenter.swift; sourceTree = "<group>"; };
		682FD5B52BE97E7900552373 /* AuthConfiguration.swift */ = {isa = PBXFileReference; lastKnownFileType = sourcecode.swift; path = AuthConfiguration.swift; sourceTree = "<group>"; };
		682FD5B82BEA2FD100552373 /* AuthViewController.swift */ = {isa = PBXFileReference; lastKnownFileType = sourcecode.swift; path = AuthViewController.swift; sourceTree = "<group>"; };
		682FD5BA2BEA31A600552373 /* WebViewViewController.swift */ = {isa = PBXFileReference; lastKnownFileType = sourcecode.swift; path = WebViewViewController.swift; sourceTree = "<group>"; };
		683869642C18480A00CCF237 /* ImageFeedUITests.xctest */ = {isa = PBXFileReference; explicitFileType = wrapper.cfbundle; includeInIndex = 0; path = ImageFeedUITests.xctest; sourceTree = BUILT_PRODUCTS_DIR; };
		683869662C18480A00CCF237 /* ImageFeedUITests.swift */ = {isa = PBXFileReference; lastKnownFileType = sourcecode.swift; path = ImageFeedUITests.swift; sourceTree = "<group>"; };
		683869682C18480A00CCF237 /* ImageFeedUITestsLaunchTests.swift */ = {isa = PBXFileReference; lastKnownFileType = sourcecode.swift; path = ImageFeedUITestsLaunchTests.swift; sourceTree = "<group>"; };
		6844D4C32BB590C9008F1525 /* ImageFeed.app */ = {isa = PBXFileReference; explicitFileType = wrapper.application; includeInIndex = 0; path = ImageFeed.app; sourceTree = BUILT_PRODUCTS_DIR; };
		6844D4C62BB590C9008F1525 /* AppDelegate.swift */ = {isa = PBXFileReference; lastKnownFileType = sourcecode.swift; path = AppDelegate.swift; sourceTree = "<group>"; };
		6844D4C82BB590C9008F1525 /* SceneDelegate.swift */ = {isa = PBXFileReference; lastKnownFileType = sourcecode.swift; path = SceneDelegate.swift; sourceTree = "<group>"; };
		6844D4CA2BB590C9008F1525 /* ImagesListViewController.swift */ = {isa = PBXFileReference; lastKnownFileType = sourcecode.swift; path = ImagesListViewController.swift; sourceTree = "<group>"; };
		6844D4CD2BB590C9008F1525 /* Base */ = {isa = PBXFileReference; lastKnownFileType = file.storyboard; name = Base; path = Base.lproj/Main.storyboard; sourceTree = "<group>"; };
		6844D4CF2BB590CA008F1525 /* Assets.xcassets */ = {isa = PBXFileReference; lastKnownFileType = folder.assetcatalog; path = Assets.xcassets; sourceTree = "<group>"; };
		6844D4D22BB590CA008F1525 /* Base */ = {isa = PBXFileReference; lastKnownFileType = file.storyboard; name = Base; path = Base.lproj/LaunchScreen.storyboard; sourceTree = "<group>"; };
		6844D4D42BB590CA008F1525 /* Info.plist */ = {isa = PBXFileReference; lastKnownFileType = text.plist.xml; path = Info.plist; sourceTree = "<group>"; };
		68489D672C029B3600BE8878 /* ProfileImageService.swift */ = {isa = PBXFileReference; lastKnownFileType = sourcecode.swift; path = ProfileImageService.swift; sourceTree = "<group>"; };
		68489D692C029B5A00BE8878 /* UserResult.swift */ = {isa = PBXFileReference; lastKnownFileType = sourcecode.swift; path = UserResult.swift; sourceTree = "<group>"; };
		684B7BC52C05CD07001795C1 /* TabBarController.swift */ = {isa = PBXFileReference; lastKnownFileType = sourcecode.swift; path = TabBarController.swift; sourceTree = "<group>"; };
		6856457D2BEB6EA800ED70AA /* OAuth2Service.swift */ = {isa = PBXFileReference; lastKnownFileType = sourcecode.swift; path = OAuth2Service.swift; sourceTree = "<group>"; };
		685DEB982C00B190002606D9 /* Profile.swift */ = {isa = PBXFileReference; lastKnownFileType = sourcecode.swift; path = Profile.swift; sourceTree = "<group>"; };
		68679B8C2BF2BF9800D7B8B7 /* OAuthTokenResponseBody.swift */ = {isa = PBXFileReference; lastKnownFileType = sourcecode.swift; path = OAuthTokenResponseBody.swift; sourceTree = "<group>"; };
		68882F952C1A31CB005CC28A /* ProfileViewTest.swift */ = {isa = PBXFileReference; lastKnownFileType = sourcecode.swift; path = ProfileViewTest.swift; sourceTree = "<group>"; };
		688C518C2C072FC60004D438 /* ImagesListService.swift */ = {isa = PBXFileReference; lastKnownFileType = sourcecode.swift; path = ImagesListService.swift; sourceTree = "<group>"; };
		688C518E2C0731B60004D438 /* Photo.swift */ = {isa = PBXFileReference; lastKnownFileType = sourcecode.swift; path = Photo.swift; sourceTree = "<group>"; };
		688C51902C07C9D70004D438 /* PhotoResult.swift */ = {isa = PBXFileReference; lastKnownFileType = sourcecode.swift; path = PhotoResult.swift; sourceTree = "<group>"; };
		68911E6B2BF6CDFD00C99608 /* SplashViewController.swift */ = {isa = PBXFileReference; lastKnownFileType = sourcecode.swift; path = SplashViewController.swift; sourceTree = "<group>"; };
		68911E6D2BF6CFFE00C99608 /* OAuth2TokenStorage.swift */ = {isa = PBXFileReference; lastKnownFileType = sourcecode.swift; path = OAuth2TokenStorage.swift; sourceTree = "<group>"; };
		68A3A12B2C107E3600E7B989 /* ProfileLogoutService.swift */ = {isa = PBXFileReference; lastKnownFileType = sourcecode.swift; path = ProfileLogoutService.swift; sourceTree = "<group>"; };
		68A4E8E62C165CB200D00CE3 /* WebViewPresenter.swift */ = {isa = PBXFileReference; lastKnownFileType = sourcecode.swift; path = WebViewPresenter.swift; sourceTree = "<group>"; };
		68BD011A2C0F402800C554B4 /* UIImageView+Extensions.swift */ = {isa = PBXFileReference; lastKnownFileType = sourcecode.swift; path = "UIImageView+Extensions.swift"; sourceTree = "<group>"; };
		68BD020E2BC1759500977F91 /* UIView+Extensions.swift */ = {isa = PBXFileReference; lastKnownFileType = sourcecode.swift; path = "UIView+Extensions.swift"; sourceTree = "<group>"; };
		68BEC51C2C170A5700641406 /* AuthHelper.swift */ = {isa = PBXFileReference; lastKnownFileType = sourcecode.swift; path = AuthHelper.swift; sourceTree = "<group>"; };
		68BEC5222C170F6600641406 /* ImageFeedTests.xctest */ = {isa = PBXFileReference; explicitFileType = wrapper.cfbundle; includeInIndex = 0; path = ImageFeedTests.xctest; sourceTree = BUILT_PRODUCTS_DIR; };
		68BEC5242C170F6600641406 /* WebViewTest.swift */ = {isa = PBXFileReference; lastKnownFileType = sourcecode.swift; path = WebViewTest.swift; sourceTree = "<group>"; };
		68C051672BC9679C007A6298 /* ProfileViewController.swift */ = {isa = PBXFileReference; lastKnownFileType = sourcecode.swift; path = ProfileViewController.swift; sourceTree = "<group>"; };
		68C2E84D2C1B089C00318F97 /* ImagesListPresenter.swift */ = {isa = PBXFileReference; lastKnownFileType = sourcecode.swift; path = ImagesListPresenter.swift; sourceTree = "<group>"; };
		68C2E84F2C1B912700318F97 /* ImageViewTest.swift */ = {isa = PBXFileReference; lastKnownFileType = sourcecode.swift; path = ImageViewTest.swift; sourceTree = "<group>"; };
		68DA53C82BEFA1F5002F512F /* URLSession+data.swift */ = {isa = PBXFileReference; lastKnownFileType = sourcecode.swift; path = "URLSession+data.swift"; sourceTree = "<group>"; };
		68E15F882BBFDF87000B753A /* ImagesListCell.swift */ = {isa = PBXFileReference; lastKnownFileType = sourcecode.swift; path = ImagesListCell.swift; sourceTree = "<group>"; };
		68E38D672BC9BC6F00BB9D94 /* SingleImageViewController.swift */ = {isa = PBXFileReference; lastKnownFileType = sourcecode.swift; path = SingleImageViewController.swift; sourceTree = "<group>"; };
/* End PBXFileReference section */

/* Begin PBXFrameworksBuildPhase section */
		683869612C18480A00CCF237 /* Frameworks */ = {
			isa = PBXFrameworksBuildPhase;
			buildActionMask = 2147483647;
			files = (
			);
			runOnlyForDeploymentPostprocessing = 0;
		};
		6844D4C02BB590C9008F1525 /* Frameworks */ = {
			isa = PBXFrameworksBuildPhase;
			buildActionMask = 2147483647;
			files = (
				68ACEF392C049076003411C0 /* Kingfisher in Frameworks */,
				687FEBC02BFCD5470047B62F /* ProgressHUD in Frameworks */,
				68ACEF3C2C04A0F7003411C0 /* SwiftKeychainWrapper in Frameworks */,
			);
			runOnlyForDeploymentPostprocessing = 0;
		};
		68BEC51F2C170F6600641406 /* Frameworks */ = {
			isa = PBXFrameworksBuildPhase;
			buildActionMask = 2147483647;
			files = (
			);
			runOnlyForDeploymentPostprocessing = 0;
		};
/* End PBXFrameworksBuildPhase section */

/* Begin PBXGroup section */
		682FD5B42BE97E6600552373 /* Resources */ = {
			isa = PBXGroup;
			children = (
				682FD5B52BE97E7900552373 /* AuthConfiguration.swift */,
			);
			path = Resources;
			sourceTree = "<group>";
		};
		682FD5B72BEA2FB900552373 /* Auth */ = {
			isa = PBXGroup;
			children = (
				682FD5B82BEA2FD100552373 /* AuthViewController.swift */,
				682FD5BA2BEA31A600552373 /* WebViewViewController.swift */,
				681588062BFF7055008D5E6E /* UIBlockingProgressHUD.swift */,
				68A4E8E62C165CB200D00CE3 /* WebViewPresenter.swift */,
				68BEC51C2C170A5700641406 /* AuthHelper.swift */,
			);
			path = Auth;
			sourceTree = "<group>";
		};
		683869652C18480A00CCF237 /* ImageFeedUITests */ = {
			isa = PBXGroup;
			children = (
				683869662C18480A00CCF237 /* ImageFeedUITests.swift */,
				683869682C18480A00CCF237 /* ImageFeedUITestsLaunchTests.swift */,
			);
			path = ImageFeedUITests;
			sourceTree = "<group>";
		};
		6844D4BA2BB590C9008F1525 = {
			isa = PBXGroup;
			children = (
				6844D4C52BB590C9008F1525 /* ImageFeed */,
				68BEC5232C170F6600641406 /* ImageFeedTests */,
				683869652C18480A00CCF237 /* ImageFeedUITests */,
				6844D4C42BB590C9008F1525 /* Products */,
			);
			sourceTree = "<group>";
		};
		6844D4C42BB590C9008F1525 /* Products */ = {
			isa = PBXGroup;
			children = (
				6844D4C32BB590C9008F1525 /* ImageFeed.app */,
				68BEC5222C170F6600641406 /* ImageFeedTests.xctest */,
				683869642C18480A00CCF237 /* ImageFeedUITests.xctest */,
			);
			name = Products;
			sourceTree = "<group>";
		};
		6844D4C52BB590C9008F1525 /* ImageFeed */ = {
			isa = PBXGroup;
			children = (
				684B7BC42C05CCF6001795C1 /* TabBar */,
				685DEB9A2C00B21E002606D9 /* Services */,
				68911E6A2BF6CDD100C99608 /* Splash */,
				68679B8B2BF2BF8C00D7B8B7 /* Models */,
				682FD5B72BEA2FB900552373 /* Auth */,
				68BD020D2BC1757600977F91 /* Helpers */,
				68C051692BC982E9007A6298 /* Profile */,
				68E15F8A2BBFDFAE000B753A /* ImagesList */,
				68AD6E002BCAD2BB0013A424 /* SingleImageView */,
				682FD5B42BE97E6600552373 /* Resources */,
				6844D4C62BB590C9008F1525 /* AppDelegate.swift */,
				6844D4C82BB590C9008F1525 /* SceneDelegate.swift */,
				6844D4CC2BB590C9008F1525 /* Main.storyboard */,
				6844D4CF2BB590CA008F1525 /* Assets.xcassets */,
				6844D4D12BB590CA008F1525 /* LaunchScreen.storyboard */,
				6844D4D42BB590CA008F1525 /* Info.plist */,
			);
			path = ImageFeed;
			sourceTree = "<group>";
		};
		684B7BC42C05CCF6001795C1 /* TabBar */ = {
			isa = PBXGroup;
			children = (
				684B7BC52C05CD07001795C1 /* TabBarController.swift */,
			);
			path = TabBar;
			sourceTree = "<group>";
		};
		685DEB9A2C00B21E002606D9 /* Services */ = {
			isa = PBXGroup;
			children = (
				68911E6D2BF6CFFE00C99608 /* OAuth2TokenStorage.swift */,
				681588082BFF7E1E008D5E6E /* ProfileService.swift */,
				6856457D2BEB6EA800ED70AA /* OAuth2Service.swift */,
				68489D672C029B3600BE8878 /* ProfileImageService.swift */,
				688C518C2C072FC60004D438 /* ImagesListService.swift */,
				68A3A12B2C107E3600E7B989 /* ProfileLogoutService.swift */,
			);
			path = Services;
			sourceTree = "<group>";
		};
		68679B8B2BF2BF8C00D7B8B7 /* Models */ = {
			isa = PBXGroup;
			children = (
				68679B8C2BF2BF9800D7B8B7 /* OAuthTokenResponseBody.swift */,
				6815880A2BFF7E4F008D5E6E /* ProfileResult.swift */,
				685DEB982C00B190002606D9 /* Profile.swift */,
				68489D692C029B5A00BE8878 /* UserResult.swift */,
				688C518E2C0731B60004D438 /* Photo.swift */,
				688C51902C07C9D70004D438 /* PhotoResult.swift */,
			);
			path = Models;
			sourceTree = "<group>";
		};
		68911E6A2BF6CDD100C99608 /* Splash */ = {
			isa = PBXGroup;
			children = (
				68911E6B2BF6CDFD00C99608 /* SplashViewController.swift */,
			);
			path = Splash;
			sourceTree = "<group>";
		};
		68AD6E002BCAD2BB0013A424 /* SingleImageView */ = {
			isa = PBXGroup;
			children = (
				68E38D672BC9BC6F00BB9D94 /* SingleImageViewController.swift */,
			);
			path = SingleImageView;
			sourceTree = "<group>";
		};
		68BD020D2BC1757600977F91 /* Helpers */ = {
			isa = PBXGroup;
			children = (
				68BD020E2BC1759500977F91 /* UIView+Extensions.swift */,
				68DA53C82BEFA1F5002F512F /* URLSession+data.swift */,
				68BD011A2C0F402800C554B4 /* UIImageView+Extensions.swift */,
			);
			path = Helpers;
			sourceTree = "<group>";
		};
		68BEC5232C170F6600641406 /* ImageFeedTests */ = {
			isa = PBXGroup;
			children = (
				68BEC5242C170F6600641406 /* WebViewTest.swift */,
				68882F952C1A31CB005CC28A /* ProfileViewTest.swift */,
				68C2E84F2C1B912700318F97 /* ImageViewTest.swift */,
			);
			path = ImageFeedTests;
			sourceTree = "<group>";
		};
		68C051692BC982E9007A6298 /* Profile */ = {
			isa = PBXGroup;
			children = (
				68C051672BC9679C007A6298 /* ProfileViewController.swift */,
				682AD2FD2C17A44F00A9C06A /* ProfileViewPresenter.swift */,
			);
			path = Profile;
			sourceTree = "<group>";
		};
		68E15F8A2BBFDFAE000B753A /* ImagesList */ = {
			isa = PBXGroup;
			children = (
				68E15F882BBFDF87000B753A /* ImagesListCell.swift */,
				6844D4CA2BB590C9008F1525 /* ImagesListViewController.swift */,
				68C2E84D2C1B089C00318F97 /* ImagesListPresenter.swift */,
			);
			path = ImagesList;
			sourceTree = "<group>";
		};
/* End PBXGroup section */

/* Begin PBXNativeTarget section */
		683869632C18480A00CCF237 /* ImageFeedUITests */ = {
			isa = PBXNativeTarget;
			buildConfigurationList = 6838696E2C18480A00CCF237 /* Build configuration list for PBXNativeTarget "ImageFeedUITests" */;
			buildPhases = (
				683869602C18480A00CCF237 /* Sources */,
				683869612C18480A00CCF237 /* Frameworks */,
				683869622C18480A00CCF237 /* Resources */,
			);
			buildRules = (
			);
			dependencies = (
				6838696B2C18480A00CCF237 /* PBXTargetDependency */,
			);
			name = ImageFeedUITests;
			productName = ImageFeedUITests;
			productReference = 683869642C18480A00CCF237 /* ImageFeedUITests.xctest */;
			productType = "com.apple.product-type.bundle.ui-testing";
		};
		6844D4C22BB590C9008F1525 /* ImageFeed */ = {
			isa = PBXNativeTarget;
			buildConfigurationList = 6844D4D72BB590CA008F1525 /* Build configuration list for PBXNativeTarget "ImageFeed" */;
			buildPhases = (
				6844D4BF2BB590C9008F1525 /* Sources */,
				6844D4C02BB590C9008F1525 /* Frameworks */,
				6844D4C12BB590C9008F1525 /* Resources */,
			);
			buildRules = (
			);
			dependencies = (
			);
			name = ImageFeed;
			packageProductDependencies = (
				687FEBBF2BFCD5470047B62F /* ProgressHUD */,
				68ACEF382C049076003411C0 /* Kingfisher */,
				68ACEF3B2C04A0F7003411C0 /* SwiftKeychainWrapper */,
			);
			productName = ImageFeed;
			productReference = 6844D4C32BB590C9008F1525 /* ImageFeed.app */;
			productType = "com.apple.product-type.application";
		};
		68BEC5212C170F6600641406 /* ImageFeedTests */ = {
			isa = PBXNativeTarget;
			buildConfigurationList = 68BEC5282C170F6600641406 /* Build configuration list for PBXNativeTarget "ImageFeedTests" */;
			buildPhases = (
				68BEC51E2C170F6600641406 /* Sources */,
				68BEC51F2C170F6600641406 /* Frameworks */,
				68BEC5202C170F6600641406 /* Resources */,
			);
			buildRules = (
			);
			dependencies = (
				68BEC5272C170F6600641406 /* PBXTargetDependency */,
			);
			name = ImageFeedTests;
			productName = ImageFeedTests;
			productReference = 68BEC5222C170F6600641406 /* ImageFeedTests.xctest */;
			productType = "com.apple.product-type.bundle.unit-test";
		};
/* End PBXNativeTarget section */

/* Begin PBXProject section */
		6844D4BB2BB590C9008F1525 /* Project object */ = {
			isa = PBXProject;
			attributes = {
				BuildIndependentTargetsInParallel = 1;
				LastSwiftUpdateCheck = 1520;
				LastUpgradeCheck = 1520;
				TargetAttributes = {
					683869632C18480A00CCF237 = {
						CreatedOnToolsVersion = 15.2;
						TestTargetID = 6844D4C22BB590C9008F1525;
					};
					6844D4C22BB590C9008F1525 = {
						CreatedOnToolsVersion = 15.2;
					};
					68BEC5212C170F6600641406 = {
						CreatedOnToolsVersion = 15.2;
						TestTargetID = 6844D4C22BB590C9008F1525;
					};
				};
			};
			buildConfigurationList = 6844D4BE2BB590C9008F1525 /* Build configuration list for PBXProject "ImageFeed" */;
			compatibilityVersion = "Xcode 14.0";
			developmentRegion = en;
			hasScannedForEncodings = 0;
			knownRegions = (
				en,
				Base,
			);
			mainGroup = 6844D4BA2BB590C9008F1525;
			packageReferences = (
				687FEBBE2BFCD5470047B62F /* XCRemoteSwiftPackageReference "ProgressHUD" */,
				68ACEF372C049076003411C0 /* XCRemoteSwiftPackageReference "Kingfisher" */,
				68ACEF3A2C04A0F7003411C0 /* XCRemoteSwiftPackageReference "SwiftKeychainWrapper" */,
			);
			productRefGroup = 6844D4C42BB590C9008F1525 /* Products */;
			projectDirPath = "";
			projectRoot = "";
			targets = (
				6844D4C22BB590C9008F1525 /* ImageFeed */,
				68BEC5212C170F6600641406 /* ImageFeedTests */,
				683869632C18480A00CCF237 /* ImageFeedUITests */,
			);
		};
/* End PBXProject section */

/* Begin PBXResourcesBuildPhase section */
		683869622C18480A00CCF237 /* Resources */ = {
			isa = PBXResourcesBuildPhase;
			buildActionMask = 2147483647;
			files = (
			);
			runOnlyForDeploymentPostprocessing = 0;
		};
		6844D4C12BB590C9008F1525 /* Resources */ = {
			isa = PBXResourcesBuildPhase;
			buildActionMask = 2147483647;
			files = (
				6844D4D32BB590CA008F1525 /* LaunchScreen.storyboard in Resources */,
				6844D4D02BB590CA008F1525 /* Assets.xcassets in Resources */,
				6844D4CE2BB590C9008F1525 /* Main.storyboard in Resources */,
			);
			runOnlyForDeploymentPostprocessing = 0;
		};
		68BEC5202C170F6600641406 /* Resources */ = {
			isa = PBXResourcesBuildPhase;
			buildActionMask = 2147483647;
			files = (
			);
			runOnlyForDeploymentPostprocessing = 0;
		};
/* End PBXResourcesBuildPhase section */

/* Begin PBXSourcesBuildPhase section */
		683869602C18480A00CCF237 /* Sources */ = {
			isa = PBXSourcesBuildPhase;
			buildActionMask = 2147483647;
			files = (
				683869692C18480A00CCF237 /* ImageFeedUITestsLaunchTests.swift in Sources */,
				683869672C18480A00CCF237 /* ImageFeedUITests.swift in Sources */,
			);
			runOnlyForDeploymentPostprocessing = 0;
		};
		6844D4BF2BB590C9008F1525 /* Sources */ = {
			isa = PBXSourcesBuildPhase;
			buildActionMask = 2147483647;
			files = (
				68BD011B2C0F402800C554B4 /* UIImageView+Extensions.swift in Sources */,
				682AD2FE2C17A44F00A9C06A /* ProfileViewPresenter.swift in Sources */,
				688C518F2C0731B60004D438 /* Photo.swift in Sources */,
				68A4E8E72C165CB200D00CE3 /* WebViewPresenter.swift in Sources */,
				68A3A12C2C107E3600E7B989 /* ProfileLogoutService.swift in Sources */,
				68DA53C92BEFA1F5002F512F /* URLSession+data.swift in Sources */,
				688C518D2C072FC60004D438 /* ImagesListService.swift in Sources */,
				682FD5BB2BEA31A600552373 /* WebViewViewController.swift in Sources */,
				68C051682BC9679C007A6298 /* ProfileViewController.swift in Sources */,
				681588072BFF7055008D5E6E /* UIBlockingProgressHUD.swift in Sources */,
				6856457E2BEB6EA800ED70AA /* OAuth2Service.swift in Sources */,
				68489D6A2C029B5A00BE8878 /* UserResult.swift in Sources */,
				6844D4CB2BB590C9008F1525 /* ImagesListViewController.swift in Sources */,
				68BD020F2BC1759500977F91 /* UIView+Extensions.swift in Sources */,
				681588092BFF7E1E008D5E6E /* ProfileService.swift in Sources */,
				68BEC51D2C170A5700641406 /* AuthHelper.swift in Sources */,
				688C51912C07C9D70004D438 /* PhotoResult.swift in Sources */,
				68E38D682BC9BC6F00BB9D94 /* SingleImageViewController.swift in Sources */,
				68E15F892BBFDF87000B753A /* ImagesListCell.swift in Sources */,
				6844D4C72BB590C9008F1525 /* AppDelegate.swift in Sources */,
				68911E6C2BF6CDFD00C99608 /* SplashViewController.swift in Sources */,
				684B7BC62C05CD07001795C1 /* TabBarController.swift in Sources */,
				68679B8D2BF2BF9800D7B8B7 /* OAuthTokenResponseBody.swift in Sources */,
				68911E6E2BF6CFFE00C99608 /* OAuth2TokenStorage.swift in Sources */,
				6844D4C92BB590C9008F1525 /* SceneDelegate.swift in Sources */,
				682FD5B92BEA2FD100552373 /* AuthViewController.swift in Sources */,
				685DEB992C00B190002606D9 /* Profile.swift in Sources */,
				68489D682C029B3600BE8878 /* ProfileImageService.swift in Sources */,
				6815880B2BFF7E4F008D5E6E /* ProfileResult.swift in Sources */,
				682FD5B62BE97E7900552373 /* AuthConfiguration.swift in Sources */,
				68C2E84E2C1B089C00318F97 /* ImagesListPresenter.swift in Sources */,
			);
			runOnlyForDeploymentPostprocessing = 0;
		};
		68BEC51E2C170F6600641406 /* Sources */ = {
			isa = PBXSourcesBuildPhase;
			buildActionMask = 2147483647;
			files = (
				68C2E8502C1B912700318F97 /* ImageViewTest.swift in Sources */,
				68882F962C1A31CB005CC28A /* ProfileViewTest.swift in Sources */,
				68BEC5252C170F6600641406 /* WebViewTest.swift in Sources */,
			);
			runOnlyForDeploymentPostprocessing = 0;
		};
/* End PBXSourcesBuildPhase section */

/* Begin PBXTargetDependency section */
		6838696B2C18480A00CCF237 /* PBXTargetDependency */ = {
			isa = PBXTargetDependency;
			target = 6844D4C22BB590C9008F1525 /* ImageFeed */;
			targetProxy = 6838696A2C18480A00CCF237 /* PBXContainerItemProxy */;
		};
		68BEC5272C170F6600641406 /* PBXTargetDependency */ = {
			isa = PBXTargetDependency;
			target = 6844D4C22BB590C9008F1525 /* ImageFeed */;
			targetProxy = 68BEC5262C170F6600641406 /* PBXContainerItemProxy */;
		};
/* End PBXTargetDependency section */

/* Begin PBXVariantGroup section */
		6844D4CC2BB590C9008F1525 /* Main.storyboard */ = {
			isa = PBXVariantGroup;
			children = (
				6844D4CD2BB590C9008F1525 /* Base */,
			);
			name = Main.storyboard;
			sourceTree = "<group>";
		};
		6844D4D12BB590CA008F1525 /* LaunchScreen.storyboard */ = {
			isa = PBXVariantGroup;
			children = (
				6844D4D22BB590CA008F1525 /* Base */,
			);
			name = LaunchScreen.storyboard;
			sourceTree = "<group>";
		};
/* End PBXVariantGroup section */

/* Begin XCBuildConfiguration section */
		6838696C2C18480A00CCF237 /* Debug */ = {
			isa = XCBuildConfiguration;
			buildSettings = {
				CODE_SIGN_STYLE = Automatic;
				CURRENT_PROJECT_VERSION = 1;
				DEVELOPMENT_TEAM = X26RMU5MJ7;
				GENERATE_INFOPLIST_FILE = YES;
				MARKETING_VERSION = 1.0;
				PRODUCT_BUNDLE_IDENTIFIER = ru.kazakovdmitriy.ImageFeedUITests;
				PRODUCT_NAME = "$(TARGET_NAME)";
				SWIFT_EMIT_LOC_STRINGS = NO;
				SWIFT_VERSION = 5.0;
				TARGETED_DEVICE_FAMILY = "1,2";
				TEST_TARGET_NAME = ImageFeed;
			};
			name = Debug;
		};
		6838696D2C18480A00CCF237 /* Release */ = {
			isa = XCBuildConfiguration;
			buildSettings = {
				CODE_SIGN_STYLE = Automatic;
				CURRENT_PROJECT_VERSION = 1;
				DEVELOPMENT_TEAM = X26RMU5MJ7;
				GENERATE_INFOPLIST_FILE = YES;
				MARKETING_VERSION = 1.0;
				PRODUCT_BUNDLE_IDENTIFIER = ru.kazakovdmitriy.ImageFeedUITests;
				PRODUCT_NAME = "$(TARGET_NAME)";
				SWIFT_EMIT_LOC_STRINGS = NO;
				SWIFT_VERSION = 5.0;
				TARGETED_DEVICE_FAMILY = "1,2";
				TEST_TARGET_NAME = ImageFeed;
			};
			name = Release;
		};
		6844D4D52BB590CA008F1525 /* Debug */ = {
			isa = XCBuildConfiguration;
			buildSettings = {
				ALWAYS_SEARCH_USER_PATHS = NO;
				ASSETCATALOG_COMPILER_GENERATE_SWIFT_ASSET_SYMBOL_EXTENSIONS = YES;
				CLANG_ANALYZER_NONNULL = YES;
				CLANG_ANALYZER_NUMBER_OBJECT_CONVERSION = YES_AGGRESSIVE;
				CLANG_CXX_LANGUAGE_STANDARD = "gnu++20";
				CLANG_ENABLE_MODULES = YES;
				CLANG_ENABLE_OBJC_ARC = YES;
				CLANG_ENABLE_OBJC_WEAK = YES;
				CLANG_WARN_BLOCK_CAPTURE_AUTORELEASING = YES;
				CLANG_WARN_BOOL_CONVERSION = YES;
				CLANG_WARN_COMMA = YES;
				CLANG_WARN_CONSTANT_CONVERSION = YES;
				CLANG_WARN_DEPRECATED_OBJC_IMPLEMENTATIONS = YES;
				CLANG_WARN_DIRECT_OBJC_ISA_USAGE = YES_ERROR;
				CLANG_WARN_DOCUMENTATION_COMMENTS = YES;
				CLANG_WARN_EMPTY_BODY = YES;
				CLANG_WARN_ENUM_CONVERSION = YES;
				CLANG_WARN_INFINITE_RECURSION = YES;
				CLANG_WARN_INT_CONVERSION = YES;
				CLANG_WARN_NON_LITERAL_NULL_CONVERSION = YES;
				CLANG_WARN_OBJC_IMPLICIT_RETAIN_SELF = YES;
				CLANG_WARN_OBJC_LITERAL_CONVERSION = YES;
				CLANG_WARN_OBJC_ROOT_CLASS = YES_ERROR;
				CLANG_WARN_QUOTED_INCLUDE_IN_FRAMEWORK_HEADER = YES;
				CLANG_WARN_RANGE_LOOP_ANALYSIS = YES;
				CLANG_WARN_STRICT_PROTOTYPES = YES;
				CLANG_WARN_SUSPICIOUS_MOVE = YES;
				CLANG_WARN_UNGUARDED_AVAILABILITY = YES_AGGRESSIVE;
				CLANG_WARN_UNREACHABLE_CODE = YES;
				CLANG_WARN__DUPLICATE_METHOD_MATCH = YES;
				COPY_PHASE_STRIP = NO;
				DEBUG_INFORMATION_FORMAT = dwarf;
				ENABLE_STRICT_OBJC_MSGSEND = YES;
				ENABLE_TESTABILITY = YES;
				ENABLE_USER_SCRIPT_SANDBOXING = YES;
				GCC_C_LANGUAGE_STANDARD = gnu17;
				GCC_DYNAMIC_NO_PIC = NO;
				GCC_NO_COMMON_BLOCKS = YES;
				GCC_OPTIMIZATION_LEVEL = 0;
				GCC_PREPROCESSOR_DEFINITIONS = (
					"DEBUG=1",
					"$(inherited)",
				);
				GCC_WARN_64_TO_32_BIT_CONVERSION = YES;
				GCC_WARN_ABOUT_RETURN_TYPE = YES_ERROR;
				GCC_WARN_UNDECLARED_SELECTOR = YES;
				GCC_WARN_UNINITIALIZED_AUTOS = YES_AGGRESSIVE;
				GCC_WARN_UNUSED_FUNCTION = YES;
				GCC_WARN_UNUSED_VARIABLE = YES;
				IPHONEOS_DEPLOYMENT_TARGET = 17.2;
				LOCALIZATION_PREFERS_STRING_CATALOGS = YES;
				MTL_ENABLE_DEBUG_INFO = INCLUDE_SOURCE;
				MTL_FAST_MATH = YES;
				ONLY_ACTIVE_ARCH = YES;
				SDKROOT = iphoneos;
				SWIFT_ACTIVE_COMPILATION_CONDITIONS = "DEBUG $(inherited)";
				SWIFT_OPTIMIZATION_LEVEL = "-Onone";
			};
			name = Debug;
		};
		6844D4D62BB590CA008F1525 /* Release */ = {
			isa = XCBuildConfiguration;
			buildSettings = {
				ALWAYS_SEARCH_USER_PATHS = NO;
				ASSETCATALOG_COMPILER_GENERATE_SWIFT_ASSET_SYMBOL_EXTENSIONS = YES;
				CLANG_ANALYZER_NONNULL = YES;
				CLANG_ANALYZER_NUMBER_OBJECT_CONVERSION = YES_AGGRESSIVE;
				CLANG_CXX_LANGUAGE_STANDARD = "gnu++20";
				CLANG_ENABLE_MODULES = YES;
				CLANG_ENABLE_OBJC_ARC = YES;
				CLANG_ENABLE_OBJC_WEAK = YES;
				CLANG_WARN_BLOCK_CAPTURE_AUTORELEASING = YES;
				CLANG_WARN_BOOL_CONVERSION = YES;
				CLANG_WARN_COMMA = YES;
				CLANG_WARN_CONSTANT_CONVERSION = YES;
				CLANG_WARN_DEPRECATED_OBJC_IMPLEMENTATIONS = YES;
				CLANG_WARN_DIRECT_OBJC_ISA_USAGE = YES_ERROR;
				CLANG_WARN_DOCUMENTATION_COMMENTS = YES;
				CLANG_WARN_EMPTY_BODY = YES;
				CLANG_WARN_ENUM_CONVERSION = YES;
				CLANG_WARN_INFINITE_RECURSION = YES;
				CLANG_WARN_INT_CONVERSION = YES;
				CLANG_WARN_NON_LITERAL_NULL_CONVERSION = YES;
				CLANG_WARN_OBJC_IMPLICIT_RETAIN_SELF = YES;
				CLANG_WARN_OBJC_LITERAL_CONVERSION = YES;
				CLANG_WARN_OBJC_ROOT_CLASS = YES_ERROR;
				CLANG_WARN_QUOTED_INCLUDE_IN_FRAMEWORK_HEADER = YES;
				CLANG_WARN_RANGE_LOOP_ANALYSIS = YES;
				CLANG_WARN_STRICT_PROTOTYPES = YES;
				CLANG_WARN_SUSPICIOUS_MOVE = YES;
				CLANG_WARN_UNGUARDED_AVAILABILITY = YES_AGGRESSIVE;
				CLANG_WARN_UNREACHABLE_CODE = YES;
				CLANG_WARN__DUPLICATE_METHOD_MATCH = YES;
				COPY_PHASE_STRIP = NO;
				DEBUG_INFORMATION_FORMAT = "dwarf-with-dsym";
				ENABLE_NS_ASSERTIONS = NO;
				ENABLE_STRICT_OBJC_MSGSEND = YES;
				ENABLE_USER_SCRIPT_SANDBOXING = YES;
				GCC_C_LANGUAGE_STANDARD = gnu17;
				GCC_NO_COMMON_BLOCKS = YES;
				GCC_WARN_64_TO_32_BIT_CONVERSION = YES;
				GCC_WARN_ABOUT_RETURN_TYPE = YES_ERROR;
				GCC_WARN_UNDECLARED_SELECTOR = YES;
				GCC_WARN_UNINITIALIZED_AUTOS = YES_AGGRESSIVE;
				GCC_WARN_UNUSED_FUNCTION = YES;
				GCC_WARN_UNUSED_VARIABLE = YES;
				IPHONEOS_DEPLOYMENT_TARGET = 17.2;
				LOCALIZATION_PREFERS_STRING_CATALOGS = YES;
				MTL_ENABLE_DEBUG_INFO = NO;
				MTL_FAST_MATH = YES;
				SDKROOT = iphoneos;
				SWIFT_COMPILATION_MODE = wholemodule;
				VALIDATE_PRODUCT = YES;
			};
			name = Release;
		};
		6844D4D82BB590CA008F1525 /* Debug */ = {
			isa = XCBuildConfiguration;
			buildSettings = {
				ASSETCATALOG_COMPILER_APPICON_NAME = AppIcon;
				ASSETCATALOG_COMPILER_GLOBAL_ACCENT_COLOR_NAME = AccentColor;
				CODE_SIGN_STYLE = Automatic;
				CURRENT_PROJECT_VERSION = 1;
				DEVELOPMENT_TEAM = X26RMU5MJ7;
				GENERATE_INFOPLIST_FILE = YES;
				INFOPLIST_FILE = ImageFeed/Info.plist;
				INFOPLIST_KEY_UIApplicationSupportsIndirectInputEvents = YES;
				INFOPLIST_KEY_UILaunchStoryboardName = LaunchScreen;
				INFOPLIST_KEY_UIMainStoryboardFile = Main;
				INFOPLIST_KEY_UISupportedInterfaceOrientations = UIInterfaceOrientationPortrait;
				IPHONEOS_DEPLOYMENT_TARGET = 13.0;
				LD_RUNPATH_SEARCH_PATHS = (
					"$(inherited)",
					"@executable_path/Frameworks",
				);
				MARKETING_VERSION = 1.0;
				PRODUCT_BUNDLE_IDENTIFIER = ru.kazakovdmitriy.ImageFeed;
				PRODUCT_NAME = "$(TARGET_NAME)";
				SUPPORTED_PLATFORMS = "iphoneos iphonesimulator";
				SUPPORTS_MACCATALYST = NO;
				SUPPORTS_MAC_DESIGNED_FOR_IPHONE_IPAD = NO;
				SUPPORTS_XR_DESIGNED_FOR_IPHONE_IPAD = NO;
				SWIFT_EMIT_LOC_STRINGS = YES;
				SWIFT_VERSION = 5.0;
				TARGETED_DEVICE_FAMILY = 1;
			};
			name = Debug;
		};
		6844D4D92BB590CA008F1525 /* Release */ = {
			isa = XCBuildConfiguration;
			buildSettings = {
				ASSETCATALOG_COMPILER_APPICON_NAME = AppIcon;
				ASSETCATALOG_COMPILER_GLOBAL_ACCENT_COLOR_NAME = AccentColor;
				CODE_SIGN_STYLE = Automatic;
				CURRENT_PROJECT_VERSION = 1;
				DEVELOPMENT_TEAM = X26RMU5MJ7;
				GENERATE_INFOPLIST_FILE = YES;
				INFOPLIST_FILE = ImageFeed/Info.plist;
				INFOPLIST_KEY_UIApplicationSupportsIndirectInputEvents = YES;
				INFOPLIST_KEY_UILaunchStoryboardName = LaunchScreen;
				INFOPLIST_KEY_UIMainStoryboardFile = Main;
				INFOPLIST_KEY_UISupportedInterfaceOrientations = UIInterfaceOrientationPortrait;
				IPHONEOS_DEPLOYMENT_TARGET = 13.0;
				LD_RUNPATH_SEARCH_PATHS = (
					"$(inherited)",
					"@executable_path/Frameworks",
				);
				MARKETING_VERSION = 1.0;
				PRODUCT_BUNDLE_IDENTIFIER = ru.kazakovdmitriy.ImageFeed;
				PRODUCT_NAME = "$(TARGET_NAME)";
				SUPPORTED_PLATFORMS = "iphoneos iphonesimulator";
				SUPPORTS_MACCATALYST = NO;
				SUPPORTS_MAC_DESIGNED_FOR_IPHONE_IPAD = NO;
				SUPPORTS_XR_DESIGNED_FOR_IPHONE_IPAD = NO;
				SWIFT_EMIT_LOC_STRINGS = YES;
				SWIFT_VERSION = 5.0;
				TARGETED_DEVICE_FAMILY = 1;
			};
			name = Release;
		};
		68BEC5292C170F6600641406 /* Debug */ = {
			isa = XCBuildConfiguration;
			buildSettings = {
				BUNDLE_LOADER = "$(TEST_HOST)";
				CODE_SIGN_STYLE = Automatic;
				CURRENT_PROJECT_VERSION = 1;
				DEVELOPMENT_TEAM = X26RMU5MJ7;
				GENERATE_INFOPLIST_FILE = YES;
				MARKETING_VERSION = 1.0;
				PRODUCT_BUNDLE_IDENTIFIER = ru.kazakovdmitriy.ImageFeedTests;
				PRODUCT_NAME = "$(TARGET_NAME)";
				SWIFT_EMIT_LOC_STRINGS = NO;
				SWIFT_VERSION = 5.0;
				TARGETED_DEVICE_FAMILY = "1,2";
				TEST_HOST = "$(BUILT_PRODUCTS_DIR)/ImageFeed.app/$(BUNDLE_EXECUTABLE_FOLDER_PATH)/ImageFeed";
			};
			name = Debug;
		};
		68BEC52A2C170F6600641406 /* Release */ = {
			isa = XCBuildConfiguration;
			buildSettings = {
				BUNDLE_LOADER = "$(TEST_HOST)";
				CODE_SIGN_STYLE = Automatic;
				CURRENT_PROJECT_VERSION = 1;
				DEVELOPMENT_TEAM = X26RMU5MJ7;
				GENERATE_INFOPLIST_FILE = YES;
				MARKETING_VERSION = 1.0;
				PRODUCT_BUNDLE_IDENTIFIER = ru.kazakovdmitriy.ImageFeedTests;
				PRODUCT_NAME = "$(TARGET_NAME)";
				SWIFT_EMIT_LOC_STRINGS = NO;
				SWIFT_VERSION = 5.0;
				TARGETED_DEVICE_FAMILY = "1,2";
				TEST_HOST = "$(BUILT_PRODUCTS_DIR)/ImageFeed.app/$(BUNDLE_EXECUTABLE_FOLDER_PATH)/ImageFeed";
			};
			name = Release;
		};
/* End XCBuildConfiguration section */

/* Begin XCConfigurationList section */
		6838696E2C18480A00CCF237 /* Build configuration list for PBXNativeTarget "ImageFeedUITests" */ = {
			isa = XCConfigurationList;
			buildConfigurations = (
				6838696C2C18480A00CCF237 /* Debug */,
				6838696D2C18480A00CCF237 /* Release */,
			);
			defaultConfigurationIsVisible = 0;
			defaultConfigurationName = Release;
		};
		6844D4BE2BB590C9008F1525 /* Build configuration list for PBXProject "ImageFeed" */ = {
			isa = XCConfigurationList;
			buildConfigurations = (
				6844D4D52BB590CA008F1525 /* Debug */,
				6844D4D62BB590CA008F1525 /* Release */,
			);
			defaultConfigurationIsVisible = 0;
			defaultConfigurationName = Release;
		};
		6844D4D72BB590CA008F1525 /* Build configuration list for PBXNativeTarget "ImageFeed" */ = {
			isa = XCConfigurationList;
			buildConfigurations = (
				6844D4D82BB590CA008F1525 /* Debug */,
				6844D4D92BB590CA008F1525 /* Release */,
			);
			defaultConfigurationIsVisible = 0;
			defaultConfigurationName = Release;
		};
		68BEC5282C170F6600641406 /* Build configuration list for PBXNativeTarget "ImageFeedTests" */ = {
			isa = XCConfigurationList;
			buildConfigurations = (
				68BEC5292C170F6600641406 /* Debug */,
				68BEC52A2C170F6600641406 /* Release */,
			);
			defaultConfigurationIsVisible = 0;
			defaultConfigurationName = Release;
		};
/* End XCConfigurationList section */

/* Begin XCRemoteSwiftPackageReference section */
		687FEBBE2BFCD5470047B62F /* XCRemoteSwiftPackageReference "ProgressHUD" */ = {
			isa = XCRemoteSwiftPackageReference;
			repositoryURL = "https://github.com/relatedcode/ProgressHUD";
			requirement = {
				kind = exactVersion;
				version = 13.6.1;
			};
		};
		68ACEF372C049076003411C0 /* XCRemoteSwiftPackageReference "Kingfisher" */ = {
			isa = XCRemoteSwiftPackageReference;
			repositoryURL = "https://github.com/onevcat/Kingfisher";
			requirement = {
				kind = exactVersion;
				version = 7.11.0;
			};
		};
		68ACEF3A2C04A0F7003411C0 /* XCRemoteSwiftPackageReference "SwiftKeychainWrapper" */ = {
			isa = XCRemoteSwiftPackageReference;
			repositoryURL = "https://github.com/jrendel/SwiftKeychainWrapper";
			requirement = {
				kind = exactVersion;
				version = 4.0.1;
			};
		};
/* End XCRemoteSwiftPackageReference section */

/* Begin XCSwiftPackageProductDependency section */
		687FEBBF2BFCD5470047B62F /* ProgressHUD */ = {
			isa = XCSwiftPackageProductDependency;
			package = 687FEBBE2BFCD5470047B62F /* XCRemoteSwiftPackageReference "ProgressHUD" */;
			productName = ProgressHUD;
		};
		68ACEF382C049076003411C0 /* Kingfisher */ = {
			isa = XCSwiftPackageProductDependency;
			package = 68ACEF372C049076003411C0 /* XCRemoteSwiftPackageReference "Kingfisher" */;
			productName = Kingfisher;
		};
		68ACEF3B2C04A0F7003411C0 /* SwiftKeychainWrapper */ = {
			isa = XCSwiftPackageProductDependency;
			package = 68ACEF3A2C04A0F7003411C0 /* XCRemoteSwiftPackageReference "SwiftKeychainWrapper" */;
			productName = SwiftKeychainWrapper;
		};
/* End XCSwiftPackageProductDependency section */
	};
	rootObject = 6844D4BB2BB590C9008F1525 /* Project object */;
}
